
Microsoft Visual Studio Solution File, Format Version 12.00
# Visual Studio 15
VisualStudioVersion = 15.0.27004.2002
MinimumVisualStudioVersion = 10.0.40219.1
Project("{9A19103F-16F7-4668-BE54-9A1E7A4F7556}") = "BankUtility", "bank-utility\BankUtility.csproj", "{70020C5A-A773-42F5-9395-21B3A6ECE47A}"
EndProject
Project("{9A19103F-16F7-4668-BE54-9A1E7A4F7556}") = "bban-validator", "bban-validator\bban-validator.csproj", "{03816410-2404-49FB-92BB-0A7A27137BF9}"
EndProject
Project("{9A19103F-16F7-4668-BE54-9A1E7A4F7556}") = "reference-numbers", "reference-numbers\reference-numbers.csproj", "{86EE7AA4-1F0E-4F9F-AE38-AAECC66F64FB}"
EndProject
Project("{9A19103F-16F7-4668-BE54-9A1E7A4F7556}") = "bank-barcode", "bank-barcode\bank-barcode.csproj", "{3CB0066A-8781-42AE-B069-CEC39FB58A2B}"
EndProject
Global
	GlobalSection(SolutionConfigurationPlatforms) = preSolution
		Debug|Any CPU = Debug|Any CPU
		Release|Any CPU = Release|Any CPU
	EndGlobalSection
	GlobalSection(ProjectConfigurationPlatforms) = postSolution
		{70020C5A-A773-42F5-9395-21B3A6ECE47A}.Debug|Any CPU.ActiveCfg = Debug|Any CPU
		{70020C5A-A773-42F5-9395-21B3A6ECE47A}.Debug|Any CPU.Build.0 = Debug|Any CPU
		{70020C5A-A773-42F5-9395-21B3A6ECE47A}.Release|Any CPU.ActiveCfg = Release|Any CPU
		{70020C5A-A773-42F5-9395-21B3A6ECE47A}.Release|Any CPU.Build.0 = Release|Any CPU
		{03816410-2404-49FB-92BB-0A7A27137BF9}.Debug|Any CPU.ActiveCfg = Debug|Any CPU
		{03816410-2404-49FB-92BB-0A7A27137BF9}.Debug|Any CPU.Build.0 = Debug|Any CPU
		{03816410-2404-49FB-92BB-0A7A27137BF9}.Release|Any CPU.ActiveCfg = Release|Any CPU
		{03816410-2404-49FB-92BB-0A7A27137BF9}.Release|Any CPU.Build.0 = Release|Any CPU
		{86EE7AA4-1F0E-4F9F-AE38-AAECC66F64FB}.Debug|Any CPU.ActiveCfg = Debug|Any CPU
		{86EE7AA4-1F0E-4F9F-AE38-AAECC66F64FB}.Debug|Any CPU.Build.0 = Debug|Any CPU
		{86EE7AA4-1F0E-4F9F-AE38-AAECC66F64FB}.Release|Any CPU.ActiveCfg = Release|Any CPU
		{86EE7AA4-1F0E-4F9F-AE38-AAECC66F64FB}.Release|Any CPU.Build.0 = Release|Any CPU
		{3CB0066A-8781-42AE-B069-CEC39FB58A2B}.Debug|Any CPU.ActiveCfg = Debug|Any CPU
		{3CB0066A-8781-42AE-B069-CEC39FB58A2B}.Debug|Any CPU.Build.0 = Debug|Any CPU
		{3CB0066A-8781-42AE-B069-CEC39FB58A2B}.Release|Any CPU.ActiveCfg = Release|Any CPU
		{3CB0066A-8781-42AE-B069-CEC39FB58A2B}.Release|Any CPU.Build.0 = Release|Any CPU
	EndGlobalSection
	GlobalSection(SolutionProperties) = preSolution
		HideSolutionNode = FALSE
	EndGlobalSection
	GlobalSection(ExtensibilityGlobals) = postSolution
		SolutionGuid = {533A5804-3E76-4106-AE9D-C64E09BE8923}
	EndGlobalSection
EndGlobal
